
Microsoft Visual Studio Solution File, Format Version 12.00
# Visual Studio Version 17
VisualStudioVersion = 17.7.34031.279
MinimumVisualStudioVersion = 10.0.40219.1
Project("{FAE04EC0-301F-11D3-BF4B-00C04F79EFBC}") = "MauiTest", "MauiTest.csproj", "{EF28B2E7-8C09-47B1-8B3B-17AEEE95C956}"
EndProject
Global
	GlobalSection(SolutionConfigurationPlatforms) = preSolution
		Debug|Any CPU = Debug|Any CPU
		Release|Any CPU = Release|Any CPU
	EndGlobalSection
	GlobalSection(ProjectConfigurationPlatforms) = postSolution
		{EF28B2E7-8C09-47B1-8B3B-17AEEE95C956}.Debug|Any CPU.ActiveCfg = Debug|Any CPU
		{EF28B2E7-8C09-47B1-8B3B-17AEEE95C956}.Debug|Any CPU.Build.0 = Debug|Any CPU
		{EF28B2E7-8C09-47B1-8B3B-17AEEE95C956}.Debug|Any CPU.Deploy.0 = Debug|Any CPU
		{EF28B2E7-8C09-47B1-8B3B-17AEEE95C956}.Release|Any CPU.ActiveCfg = Release|Any CPU
		{EF28B2E7-8C09-47B1-8B3B-17AEEE95C956}.Release|Any CPU.Build.0 = Release|Any CPU
		{EF28B2E7-8C09-47B1-8B3B-17AEEE95C956}.Release|Any CPU.Deploy.0 = Release|Any CPU
	EndGlobalSection
	GlobalSection(SolutionProperties) = preSolution
		HideSolutionNode = FALSE
	EndGlobalSection
	GlobalSection(ExtensibilityGlobals) = postSolution
		SolutionGuid = {3C9E9734-43EF-4F85-BA15-2CCB3C0045D0}
	EndGlobalSection
EndGlobal
